// !$*UTF8*$!
{
	archiveVersion = 1;
	classes = {
	};
	objectVersion = 46;
	objects = {

/* Begin PBXBuildFile section */
		4ECE0F601E26279C00666AE6 /* main.cpp in Sources */ = {isa = PBXBuildFile; fileRef = 4ECE0F5F1E26279C00666AE6 /* main.cpp */; };
/* End PBXBuildFile section */

/* Begin PBXCopyFilesBuildPhase section */
		4ECE0F501E261C1400666AE6 /* CopyFiles */ = {
			isa = PBXCopyFilesBuildPhase;
			buildActionMask = 2147483647;
			dstPath = /usr/share/man/man1/;
			dstSubfolderSpec = 0;
			files = (
			);
			runOnlyForDeploymentPostprocessing = 1;
		};
/* End PBXCopyFilesBuildPhase section */

/* Begin PBXFileReference section */
		4ECE0F521E261C1400666AE6 /* Perilla */ = {isa = PBXFileReference; explicitFileType = "compiled.mach-o.executable"; includeInIndex = 0; path = Perilla; sourceTree = BUILT_PRODUCTS_DIR; };
		4ECE0F5C1E261C6C00666AE6 /* Lexer.h */ = {isa = PBXFileReference; fileEncoding = 4; lastKnownFileType = sourcecode.c.h; path = Lexer.h; sourceTree = "<group>"; };
		4ECE0F5D1E261C6C00666AE6 /* Token.h */ = {isa = PBXFileReference; fileEncoding = 4; lastKnownFileType = sourcecode.c.h; path = Token.h; sourceTree = "<group>"; };
		4ECE0F5F1E26279C00666AE6 /* main.cpp */ = {isa = PBXFileReference; fileEncoding = 4; lastKnownFileType = sourcecode.cpp.cpp; path = main.cpp; sourceTree = "<group>"; };
		4ECE0F611E27689E00666AE6 /* AST.h */ = {isa = PBXFileReference; lastKnownFileType = sourcecode.c.h; path = AST.h; sourceTree = "<group>"; };
		4ECE0F621E28CE0000666AE6 /* OperatorPrecedence.h */ = {isa = PBXFileReference; lastKnownFileType = sourcecode.c.h; path = OperatorPrecedence.h; sourceTree = "<group>"; };
		4ECE0F641E2A0F6200666AE6 /* Utils.h */ = {isa = PBXFileReference; lastKnownFileType = sourcecode.c.h; path = Utils.h; sourceTree = "<group>"; };
/* End PBXFileReference section */

/* Begin PBXFrameworksBuildPhase section */
		4ECE0F4F1E261C1400666AE6 /* Frameworks */ = {
			isa = PBXFrameworksBuildPhase;
			buildActionMask = 2147483647;
			files = (
			);
			runOnlyForDeploymentPostprocessing = 0;
		};
/* End PBXFrameworksBuildPhase section */

/* Begin PBXGroup section */
		4ECE0F491E261C1400666AE6 = {
			isa = PBXGroup;
			children = (
				4ECE0F541E261C1400666AE6 /* Perilla */,
				4ECE0F531E261C1400666AE6 /* Products */,
			);
			sourceTree = "<group>";
		};
		4ECE0F531E261C1400666AE6 /* Products */ = {
			isa = PBXGroup;
			children = (
				4ECE0F521E261C1400666AE6 /* Perilla */,
			);
			name = Products;
			sourceTree = "<group>";
		};
		4ECE0F541E261C1400666AE6 /* Perilla */ = {
			isa = PBXGroup;
			children = (
				4ECE0F5C1E261C6C00666AE6 /* Lexer.h */,
				4ECE0F5D1E261C6C00666AE6 /* Token.h */,
				4ECE0F5F1E26279C00666AE6 /* main.cpp */,
				4ECE0F611E27689E00666AE6 /* AST.h */,
				4ECE0F621E28CE0000666AE6 /* OperatorPrecedence.h */,
				4ECE0F641E2A0F6200666AE6 /* Utils.h */,
			);
			path = Perilla;
			sourceTree = "<group>";
		};
/* End PBXGroup section */

/* Begin PBXNativeTarget section */
		4ECE0F511E261C1400666AE6 /* Perilla */ = {
			isa = PBXNativeTarget;
			buildConfigurationList = 4ECE0F591E261C1400666AE6 /* Build configuration list for PBXNativeTarget "Perilla" */;
			buildPhases = (
				4ECE0F4E1E261C1400666AE6 /* Sources */,
				4ECE0F4F1E261C1400666AE6 /* Frameworks */,
				4ECE0F501E261C1400666AE6 /* CopyFiles */,
			);
			buildRules = (
			);
			dependencies = (
			);
			name = Perilla;
			productName = Perilla;
			productReference = 4ECE0F521E261C1400666AE6 /* Perilla */;
			productType = "com.apple.product-type.tool";
		};
/* End PBXNativeTarget section */

/* Begin PBXProject section */
		4ECE0F4A1E261C1400666AE6 /* Project object */ = {
			isa = PBXProject;
			attributes = {
				LastUpgradeCheck = 0820;
				ORGANIZATIONNAME = "Gavin Mao";
				TargetAttributes = {
					4ECE0F511E261C1400666AE6 = {
						CreatedOnToolsVersion = 8.2.1;
						ProvisioningStyle = Automatic;
					};
				};
			};
			buildConfigurationList = 4ECE0F4D1E261C1400666AE6 /* Build configuration list for PBXProject "Perilla" */;
			compatibilityVersion = "Xcode 3.2";
			developmentRegion = English;
			hasScannedForEncodings = 0;
			knownRegions = (
				en,
			);
			mainGroup = 4ECE0F491E261C1400666AE6;
			productRefGroup = 4ECE0F531E261C1400666AE6 /* Products */;
			projectDirPath = "";
			projectRoot = "";
			targets = (
				4ECE0F511E261C1400666AE6 /* Perilla */,
			);
		};
/* End PBXProject section */

/* Begin PBXSourcesBuildPhase section */
		4ECE0F4E1E261C1400666AE6 /* Sources */ = {
			isa = PBXSourcesBuildPhase;
			buildActionMask = 2147483647;
			files = (
				4ECE0F601E26279C00666AE6 /* main.cpp in Sources */,
			);
			runOnlyForDeploymentPostprocessing = 0;
		};
/* End PBXSourcesBuildPhase section */

/* Begin XCBuildConfiguration section */
		4ECE0F571E261C1400666AE6 /* Debug */ = {
			isa = XCBuildConfiguration;
			buildSettings = {
				ALWAYS_SEARCH_USER_PATHS = NO;
				CLANG_ANALYZER_NONNULL = YES;
				CLANG_CXX_LANGUAGE_STANDARD = "gnu++0x";
				CLANG_CXX_LIBRARY = "libc++";
				CLANG_ENABLE_MODULES = YES;
				CLANG_ENABLE_OBJC_ARC = YES;
				CLANG_WARN_BOOL_CONVERSION = YES;
				CLANG_WARN_CONSTANT_CONVERSION = YES;
				CLANG_WARN_DIRECT_OBJC_ISA_USAGE = YES_ERROR;
				CLANG_WARN_DOCUMENTATION_COMMENTS = YES;
				CLANG_WARN_EMPTY_BODY = YES;
				CLANG_WARN_ENUM_CONVERSION = YES;
				CLANG_WARN_INFINITE_RECURSION = YES;
				CLANG_WARN_INT_CONVERSION = YES;
				CLANG_WARN_OBJC_ROOT_CLASS = YES_ERROR;
				CLANG_WARN_SUSPICIOUS_MOVE = YES;
				CLANG_WARN_UNREACHABLE_CODE = YES;
				CLANG_WARN__DUPLICATE_METHOD_MATCH = YES;
				CODE_SIGN_IDENTITY = "-";
				COPY_PHASE_STRIP = NO;
				DEBUG_INFORMATION_FORMAT = dwarf;
				ENABLE_STRICT_OBJC_MSGSEND = YES;
				ENABLE_TESTABILITY = YES;
				GCC_C_LANGUAGE_STANDARD = gnu99;
				GCC_DYNAMIC_NO_PIC = NO;
				GCC_NO_COMMON_BLOCKS = YES;
				GCC_OPTIMIZATION_LEVEL = 0;
				GCC_PREPROCESSOR_DEFINITIONS = (
					"DEBUG=1",
					"$(inherited)",
				);
				GCC_WARN_64_TO_32_BIT_CONVERSION = YES;
				GCC_WARN_ABOUT_RETURN_TYPE = YES_ERROR;
				GCC_WARN_UNDECLARED_SELECTOR = YES;
				GCC_WARN_UNINITIALIZED_AUTOS = YES_AGGRESSIVE;
				GCC_WARN_UNUSED_FUNCTION = YES;
				GCC_WARN_UNUSED_VARIABLE = YES;
				MACOSX_DEPLOYMENT_TARGET = 10.12;
				MTL_ENABLE_DEBUG_INFO = YES;
				ONLY_ACTIVE_ARCH = YES;
				SDKROOT = macosx;
			};
			name = Debug;
		};
		4ECE0F581E261C1400666AE6 /* Release */ = {
			isa = XCBuildConfiguration;
			buildSettings = {
				ALWAYS_SEARCH_USER_PATHS = NO;
				CLANG_ANALYZER_NONNULL = YES;
				CLANG_CXX_LANGUAGE_STANDARD = "gnu++0x";
				CLANG_CXX_LIBRARY = "libc++";
				CLANG_ENABLE_MODULES = YES;
				CLANG_ENABLE_OBJC_ARC = YES;
				CLANG_WARN_BOOL_CONVERSION = YES;
				CLANG_WARN_CONSTANT_CONVERSION = YES;
				CLANG_WARN_DIRECT_OBJC_ISA_USAGE = YES_ERROR;
				CLANG_WARN_DOCUMENTATION_COMMENTS = YES;
				CLANG_WARN_EMPTY_BODY = YES;
				CLANG_WARN_ENUM_CONVERSION = YES;
				CLANG_WARN_INFINITE_RECURSION = YES;
				CLANG_WARN_INT_CONVERSION = YES;
				CLANG_WARN_OBJC_ROOT_CLASS = YES_ERROR;
				CLANG_WARN_SUSPICIOUS_MOVE = YES;
				CLANG_WARN_UNREACHABLE_CODE = YES;
				CLANG_WARN__DUPLICATE_METHOD_MATCH = YES;
				CODE_SIGN_IDENTITY = "-";
				COPY_PHASE_STRIP = NO;
				DEBUG_INFORMATION_FORMAT = "dwarf-with-dsym";
				ENABLE_NS_ASSERTIONS = NO;
				ENABLE_STRICT_OBJC_MSGSEND = YES;
				GCC_C_LANGUAGE_STANDARD = gnu99;
				GCC_NO_COMMON_BLOCKS = YES;
				GCC_WARN_64_TO_32_BIT_CONVERSION = YES;
				GCC_WARN_ABOUT_RETURN_TYPE = YES_ERROR;
				GCC_WARN_UNDECLARED_SELECTOR = YES;
				GCC_WARN_UNINITIALIZED_AUTOS = YES_AGGRESSIVE;
				GCC_WARN_UNUSED_FUNCTION = YES;
				GCC_WARN_UNUSED_VARIABLE = YES;
				MACOSX_DEPLOYMENT_TARGET = 10.12;
				MTL_ENABLE_DEBUG_INFO = NO;
				SDKROOT = macosx;
			};
			name = Release;
		};
		4ECE0F5A1E261C1400666AE6 /* Debug */ = {
			isa = XCBuildConfiguration;
			buildSettings = {
				HEADER_SEARCH_PATHS = /usr/local/Cellar/llvm/3.9.1/include;
				LIBRARY_SEARCH_PATHS = /usr/local/Cellar/llvm/3.9.1/lib;
				OTHER_CPLUSPLUSFLAGS = (
					"$(OTHER_CFLAGS)",
					"-stdlib=libc++",
					"-fPIC",
					"-fvisibility-inlines-hidden",
					"-Wall",
					"-W",
					"-Wno-unused-parameter",
					"-Wwrite-strings",
					"-Wcast-qual",
					"-Wmissing-field-initializers",
					"-pedantic",
					"-Wno-long-long",
					"-Wcovered-switch-default",
					"-Wnon-virtual-dtor",
					"-Wdelete-non-virtual-dtor",
					"-Werror=date-time",
					"-std=c++11",
					"-DNDEBUG",
					"-D__STDC_CONSTANT_MACROS",
					"-D__STDC_FORMAT_MACROS",
					"-D__STDC_LIMIT_MACROS",
					"-stdlib=libc++",
					"-fPIC",
					"-fvisibility-inlines-hidden",
					"-Wall",
					"-W",
					"-Wno-unused-parameter",
					"-Wwrite-strings",
					"-Wcast-qual",
					"-Wmissing-field-initializers",
					"-pedantic",
					"-Wno-long-long",
					"-Wcovered-switch-default",
					"-Wnon-virtual-dtor",
					"-Wdelete-non-virtual-dtor",
					"-Werror=date-time",
					"-std=c++11",
					"-DNDEBUG",
					"-D__STDC_CONSTANT_MACROS",
					"-D__STDC_FORMAT_MACROS",
					"-D__STDC_LIMIT_MACROS",
				);
				OTHER_LDFLAGS = (
					"-lLLVMCore",
					"-lLLVMSupport",
					"-lcurses",
					"-lz",
					"-lm",
				);
				PRODUCT_NAME = "$(TARGET_NAME)";
			};
			name = Debug;
		};
		4ECE0F5B1E261C1400666AE6 /* Release */ = {
			isa = XCBuildConfiguration;
			buildSettings = {
				HEADER_SEARCH_PATHS = /usr/local/Cellar/llvm/3.9.1/include;
				LIBRARY_SEARCH_PATHS = /usr/local/Cellar/llvm/3.9.1/lib;
				OTHER_CPLUSPLUSFLAGS = (
					"$(OTHER_CFLAGS)",
					"-stdlib=libc++",
					"-fPIC",
					"-fvisibility-inlines-hidden",
					"-Wall",
					"-W",
					"-Wno-unused-parameter",
					"-Wwrite-strings",
					"-Wcast-qual",
					"-Wmissing-field-initializers",
					"-pedantic",
					"-Wno-long-long",
					"-Wcovered-switch-default",
					"-Wnon-virtual-dtor",
					"-Wdelete-non-virtual-dtor",
					"-Werror=date-time",
					"-std=c++11",
					"-DNDEBUG",
					"-D__STDC_CONSTANT_MACROS",
					"-D__STDC_FORMAT_MACROS",
					"-D__STDC_LIMIT_MACROS",
					"-stdlib=libc++",
					"-fPIC",
					"-fvisibility-inlines-hidden",
					"-Wall",
					"-W",
					"-Wno-unused-parameter",
					"-Wwrite-strings",
					"-Wcast-qual",
					"-Wmissing-field-initializers",
					"-pedantic",
					"-Wno-long-long",
					"-Wcovered-switch-default",
					"-Wnon-virtual-dtor",
					"-Wdelete-non-virtual-dtor",
					"-Werror=date-time",
					"-std=c++11",
					"-DNDEBUG",
					"-D__STDC_CONSTANT_MACROS",
					"-D__STDC_FORMAT_MACROS",
					"-D__STDC_LIMIT_MACROS",
				);
				OTHER_LDFLAGS = (
					"-lLLVMCore",
					"-lLLVMSupport",
					"-lcurses",
					"-lz",
					"-lm",
				);
				PRODUCT_NAME = "$(TARGET_NAME)";
			};
			name = Release;
		};
/* End XCBuildConfiguration section */

/* Begin XCConfigurationList section */
		4ECE0F4D1E261C1400666AE6 /* Build configuration list for PBXProject "Perilla" */ = {
			isa = XCConfigurationList;
			buildConfigurations = (
				4ECE0F571E261C1400666AE6 /* Debug */,
				4ECE0F581E261C1400666AE6 /* Release */,
			);
			defaultConfigurationIsVisible = 0;
			defaultConfigurationName = Release;
		};
		4ECE0F591E261C1400666AE6 /* Build configuration list for PBXNativeTarget "Perilla" */ = {
			isa = XCConfigurationList;
			buildConfigurations = (
				4ECE0F5A1E261C1400666AE6 /* Debug */,
				4ECE0F5B1E261C1400666AE6 /* Release */,
			);
			defaultConfigurationIsVisible = 0;
		};
/* End XCConfigurationList section */
	};
	rootObject = 4ECE0F4A1E261C1400666AE6 /* Project object */;
}
